
Microsoft Visual Studio Solution File, Format Version 12.00
# Visual Studio Version 16
VisualStudioVersion = 16.0.29926.136
MinimumVisualStudioVersion = 10.0.40219.1
Project("{FAE04EC0-301F-11D3-BF4B-00C04F79EFBC}") = "DemoCrawData", "DemoCrawData\DemoCrawData.csproj", "{09349DF3-1838-4384-A885-FFDEEFCB168E}"
EndProject
Global
	GlobalSection(SolutionConfigurationPlatforms) = preSolution
		Debug|Any CPU = Debug|Any CPU
		Release|Any CPU = Release|Any CPU
	EndGlobalSection
	GlobalSection(ProjectConfigurationPlatforms) = postSolution
		{09349DF3-1838-4384-A885-FFDEEFCB168E}.Debug|Any CPU.ActiveCfg = Debug|Any CPU
		{09349DF3-1838-4384-A885-FFDEEFCB168E}.Debug|Any CPU.Build.0 = Debug|Any CPU
		{09349DF3-1838-4384-A885-FFDEEFCB168E}.Release|Any CPU.ActiveCfg = Release|Any CPU
		{09349DF3-1838-4384-A885-FFDEEFCB168E}.Release|Any CPU.Build.0 = Release|Any CPU
	EndGlobalSection
	GlobalSection(SolutionProperties) = preSolution
		HideSolutionNode = FALSE
	EndGlobalSection
	GlobalSection(ExtensibilityGlobals) = postSolution
		SolutionGuid = {64B41884-3F29-4583-958E-8D1837FE0544}
	EndGlobalSection
EndGlobal
